
Microsoft Visual Studio Solution File, Format Version 12.00
# Visual Studio Version 16
VisualStudioVersion = 16.0.29025.244
MinimumVisualStudioVersion = 10.0.40219.1
Project("{2150E333-8FDC-42A3-9474-1A3956D46DE8}") = "Solution Items", "Solution Items", "{F62005B6-B940-4E5A-B33C-8C35E2EBF958}"
	ProjectSection(SolutionItems) = preProject
		.gitignore = .gitignore
		appveyor.yml = appveyor.yml
		global.json = global.json
		LICENSE = LICENSE
		README.md = README.md
	EndProjectSection
EndProject
Project("{2150E333-8FDC-42A3-9474-1A3956D46DE8}") = "Test", "Test", "{DA29DE6B-DBE7-4977-A7C8-3EC09205B2A0}"
EndProject
Project("{9A19103F-16F7-4668-BE54-9A1E7A4F7556}") = "Dispenser", "src\Dispenser\Dispenser.csproj", "{28534864-2B0F-45BC-BD4E-0906E4A56993}"
EndProject
Project("{9A19103F-16F7-4668-BE54-9A1E7A4F7556}") = "Dispenser.Tests", "test\Dispenser.Tests\Dispenser.Tests.csproj", "{F47A5102-0E3F-43DF-B492-CB25588E407F}"
EndProject
Project("{9A19103F-16F7-4668-BE54-9A1E7A4F7556}") = "Dispenser.Hasher.Sha1", "src\Dispenser.Hasher.Sha1\Dispenser.Hasher.Sha1.csproj", "{0EF67C01-2767-4716-B367-D1ABFDF5D037}"
EndProject
Project("{9A19103F-16F7-4668-BE54-9A1E7A4F7556}") = "Dispenser.Hasher.Sha256", "src\Dispenser.Hasher.Sha256\Dispenser.Hasher.Sha256.csproj", "{DCEA33C8-3080-4E5E-A7CF-10E88CD91312}"
EndProject
Project("{9A19103F-16F7-4668-BE54-9A1E7A4F7556}") = "Dispenser.Hasher.Tests", "test\Dispenser.Hasher.Tests\Dispenser.Hasher.Tests.csproj", "{DD73482E-699E-44CA-93E1-5D9CE27474B3}"
EndProject
Project("{2150E333-8FDC-42A3-9474-1A3956D46DE8}") = "Samples", "Samples", "{B55F7037-093E-4A99-B8A8-A4316EED0765}"
EndProject
Project("{9A19103F-16F7-4668-BE54-9A1E7A4F7556}") = "DispenserChannelsTest", "samples\DispenserChannelsTest\DispenserChannelsTest.csproj", "{E6757994-218E-4556-BEAA-1FDB5BDB9793}"
EndProject
Project("{2150E333-8FDC-42A3-9474-1A3956D46DE8}") = "Build", "Build", "{E24789A6-DFBC-4735-8BD3-314DFB679B80}"
	ProjectSection(SolutionItems) = preProject
		build\build.ps1 = build\build.ps1
		build\test.ps1 = build\test.ps1
	EndProjectSection
EndProject
Global
	GlobalSection(SolutionConfigurationPlatforms) = preSolution
		Debug|Any CPU = Debug|Any CPU
		Release|Any CPU = Release|Any CPU
	EndGlobalSection
	GlobalSection(ProjectConfigurationPlatforms) = postSolution
		{28534864-2B0F-45BC-BD4E-0906E4A56993}.Debug|Any CPU.ActiveCfg = Debug|Any CPU
		{28534864-2B0F-45BC-BD4E-0906E4A56993}.Debug|Any CPU.Build.0 = Debug|Any CPU
		{28534864-2B0F-45BC-BD4E-0906E4A56993}.Release|Any CPU.ActiveCfg = Release|Any CPU
		{28534864-2B0F-45BC-BD4E-0906E4A56993}.Release|Any CPU.Build.0 = Release|Any CPU
		{F47A5102-0E3F-43DF-B492-CB25588E407F}.Debug|Any CPU.ActiveCfg = Debug|Any CPU
		{F47A5102-0E3F-43DF-B492-CB25588E407F}.Debug|Any CPU.Build.0 = Debug|Any CPU
		{F47A5102-0E3F-43DF-B492-CB25588E407F}.Release|Any CPU.ActiveCfg = Release|Any CPU
		{0EF67C01-2767-4716-B367-D1ABFDF5D037}.Debug|Any CPU.ActiveCfg = Debug|Any CPU
		{0EF67C01-2767-4716-B367-D1ABFDF5D037}.Debug|Any CPU.Build.0 = Debug|Any CPU
		{0EF67C01-2767-4716-B367-D1ABFDF5D037}.Release|Any CPU.ActiveCfg = Release|Any CPU
		{0EF67C01-2767-4716-B367-D1ABFDF5D037}.Release|Any CPU.Build.0 = Release|Any CPU
		{DCEA33C8-3080-4E5E-A7CF-10E88CD91312}.Debug|Any CPU.ActiveCfg = Debug|Any CPU
		{DCEA33C8-3080-4E5E-A7CF-10E88CD91312}.Debug|Any CPU.Build.0 = Debug|Any CPU
		{DCEA33C8-3080-4E5E-A7CF-10E88CD91312}.Release|Any CPU.ActiveCfg = Release|Any CPU
		{DCEA33C8-3080-4E5E-A7CF-10E88CD91312}.Release|Any CPU.Build.0 = Release|Any CPU
		{DD73482E-699E-44CA-93E1-5D9CE27474B3}.Debug|Any CPU.ActiveCfg = Debug|Any CPU
		{DD73482E-699E-44CA-93E1-5D9CE27474B3}.Debug|Any CPU.Build.0 = Debug|Any CPU
		{DD73482E-699E-44CA-93E1-5D9CE27474B3}.Release|Any CPU.ActiveCfg = Release|Any CPU
		{E6757994-218E-4556-BEAA-1FDB5BDB9793}.Debug|Any CPU.ActiveCfg = Debug|Any CPU
		{E6757994-218E-4556-BEAA-1FDB5BDB9793}.Debug|Any CPU.Build.0 = Debug|Any CPU
		{E6757994-218E-4556-BEAA-1FDB5BDB9793}.Release|Any CPU.ActiveCfg = Release|Any CPU
	EndGlobalSection
	GlobalSection(SolutionProperties) = preSolution
		HideSolutionNode = FALSE
	EndGlobalSection
	GlobalSection(NestedProjects) = preSolution
		{F47A5102-0E3F-43DF-B492-CB25588E407F} = {DA29DE6B-DBE7-4977-A7C8-3EC09205B2A0}
		{DD73482E-699E-44CA-93E1-5D9CE27474B3} = {DA29DE6B-DBE7-4977-A7C8-3EC09205B2A0}
		{E6757994-218E-4556-BEAA-1FDB5BDB9793} = {B55F7037-093E-4A99-B8A8-A4316EED0765}
	EndGlobalSection
	GlobalSection(ExtensibilityGlobals) = postSolution
		SolutionGuid = {23448DAD-07A6-456E-A582-6AC43DC02333}
	EndGlobalSection
EndGlobal
